
Microsoft Visual Studio Solution File, Format Version 12.00
# Visual Studio Version 17
VisualStudioVersion = 17.0.31903.59
MinimumVisualStudioVersion = 10.0.40219.1
Project("{FAE04EC0-301F-11D3-BF4B-00C04F79EFBC}") = "UserServiceAPI", "UserServiceAPI\UserServiceAPI.csproj", "{3AA75CE2-1156-4307-B8E0-894B7C2F604E}"
EndProject
Project("{FAE04EC0-301F-11D3-BF4B-00C04F79EFBC}") = "UserServiceAPI.Test", "UserServiceAPI.Test\UserServiceAPI.Test.csproj", "{6A11E5D4-BF10-4AB4-891F-94F9C25D5B66}"
EndProject
Global
	GlobalSection(SolutionConfigurationPlatforms) = preSolution
		Debug|Any CPU = Debug|Any CPU
		Release|Any CPU = Release|Any CPU
	EndGlobalSection
	GlobalSection(SolutionProperties) = preSolution
		HideSolutionNode = FALSE
	EndGlobalSection
	GlobalSection(ProjectConfigurationPlatforms) = postSolution
		{3AA75CE2-1156-4307-B8E0-894B7C2F604E}.Debug|Any CPU.ActiveCfg = Debug|Any CPU
		{3AA75CE2-1156-4307-B8E0-894B7C2F604E}.Debug|Any CPU.Build.0 = Debug|Any CPU
		{3AA75CE2-1156-4307-B8E0-894B7C2F604E}.Release|Any CPU.ActiveCfg = Release|Any CPU
		{3AA75CE2-1156-4307-B8E0-894B7C2F604E}.Release|Any CPU.Build.0 = Release|Any CPU
		{6A11E5D4-BF10-4AB4-891F-94F9C25D5B66}.Debug|Any CPU.ActiveCfg = Debug|Any CPU
		{6A11E5D4-BF10-4AB4-891F-94F9C25D5B66}.Debug|Any CPU.Build.0 = Debug|Any CPU
		{6A11E5D4-BF10-4AB4-891F-94F9C25D5B66}.Release|Any CPU.ActiveCfg = Release|Any CPU
		{6A11E5D4-BF10-4AB4-891F-94F9C25D5B66}.Release|Any CPU.Build.0 = Release|Any CPU
	EndGlobalSection
EndGlobal
